<Solution>
  <Project Path="ConsoleApp1/ConsoleApp1.csproj" />
  <Project Path="ConsoleApp2/ConsoleApp2.csproj" Id="7934c75a-6cf5-4ab2-96f0-21042bdab229" />
  <Project Path="ConsoleApp3/ConsoleApp3.csproj" Id="b83c7d8a-9b69-4977-95f1-756d6c241d10" />
  <Project Path="ConsoleApp4/ConsoleApp4.csproj" Id="fba39cfe-4b4e-482b-aaf3-a32b35f8be9b" />
  <Project Path="ConsoleApp5/ConsoleApp5.csproj" Id="2b060091-149b-4006-820f-2e7c16a52ae1" />
  <Project Path="ConsoleApp6/ConsoleApp6.csproj" Id="a5d4a77b-3546-438d-ba90-9e9d9b444cb7" />
  <Project Path="ConsoleApp7/ConsoleApp7.csproj" Id="23f88770-39a0-469a-a8fd-114875d665d9" />
</Solution>
